
Microsoft Visual Studio Solution File, Format Version 12.00
# Visual Studio 2013
VisualStudioVersion = 12.0.40629.0
MinimumVisualStudioVersion = 10.0.40219.1
Project("{FAE04EC0-301F-11D3-BF4B-00C04F79EFBC}") = "com.Steelv.Lib.CacheService", "com.Steelv.Lib.CacheService\com.Steelv.Lib.CacheService.csproj", "{DD445D5B-4BD4-4620-9ABB-78C2F8ABC271}"
EndProject
Project("{FAE04EC0-301F-11D3-BF4B-00C04F79EFBC}") = "BeIT.MemCached", "BeIT.MemCached\BeIT.MemCached.csproj", "{7B568DA2-FEB8-43E6-9B65-760682973A74}"
EndProject
Global
	GlobalSection(SolutionConfigurationPlatforms) = preSolution
		Debug|Any CPU = Debug|Any CPU
		Release|Any CPU = Release|Any CPU
	EndGlobalSection
	GlobalSection(ProjectConfigurationPlatforms) = postSolution
		{DD445D5B-4BD4-4620-9ABB-78C2F8ABC271}.Debug|Any CPU.ActiveCfg = Debug|Any CPU
		{DD445D5B-4BD4-4620-9ABB-78C2F8ABC271}.Debug|Any CPU.Build.0 = Debug|Any CPU
		{DD445D5B-4BD4-4620-9ABB-78C2F8ABC271}.Release|Any CPU.ActiveCfg = Release|Any CPU
		{DD445D5B-4BD4-4620-9ABB-78C2F8ABC271}.Release|Any CPU.Build.0 = Release|Any CPU
		{7B568DA2-FEB8-43E6-9B65-760682973A74}.Debug|Any CPU.ActiveCfg = Debug|Any CPU
		{7B568DA2-FEB8-43E6-9B65-760682973A74}.Debug|Any CPU.Build.0 = Debug|Any CPU
		{7B568DA2-FEB8-43E6-9B65-760682973A74}.Release|Any CPU.ActiveCfg = Release|Any CPU
		{7B568DA2-FEB8-43E6-9B65-760682973A74}.Release|Any CPU.Build.0 = Release|Any CPU
	EndGlobalSection
	GlobalSection(SolutionProperties) = preSolution
		HideSolutionNode = FALSE
	EndGlobalSection
EndGlobal
